// !$*UTF8*$!
{
	archiveVersion = 1;
	classes = {
	};
	objectVersion = 51;
	objects = {

/* Begin PBXBuildFile section */
		24F451072630789D0013C4EB /* AppDelegate.swift in Sources */ = {isa = PBXBuildFile; fileRef = 24F451062630789D0013C4EB /* AppDelegate.swift */; };
		24F451092630789D0013C4EB /* SceneDelegate.swift in Sources */ = {isa = PBXBuildFile; fileRef = 24F451082630789D0013C4EB /* SceneDelegate.swift */; };
		24F4510E2630789D0013C4EB /* Main.storyboard in Resources */ = {isa = PBXBuildFile; fileRef = 24F4510C2630789D0013C4EB /* Main.storyboard */; };
		24F451102630789F0013C4EB /* Assets.xcassets in Resources */ = {isa = PBXBuildFile; fileRef = 24F4510F2630789F0013C4EB /* Assets.xcassets */; };
		24F451132630789F0013C4EB /* LaunchScreen.storyboard in Resources */ = {isa = PBXBuildFile; fileRef = 24F451112630789F0013C4EB /* LaunchScreen.storyboard */; };
		24F4511C26309A690013C4EB /* LoginViewController.swift in Sources */ = {isa = PBXBuildFile; fileRef = 24F4511B26309A690013C4EB /* LoginViewController.swift */; };
		24F4512026309A840013C4EB /* HomeViewController.swift in Sources */ = {isa = PBXBuildFile; fileRef = 24F4511F26309A840013C4EB /* HomeViewController.swift */; };
		24F4512326309AA00013C4EB /* ImageSelectViewController.swift in Sources */ = {isa = PBXBuildFile; fileRef = 24F4512226309AA00013C4EB /* ImageSelectViewController.swift */; };
		24F4512726309AB60013C4EB /* SettingViewController.swift in Sources */ = {isa = PBXBuildFile; fileRef = 24F4512626309AB60013C4EB /* SettingViewController.swift */; };
		24F4512A26309ADF0013C4EB /* PostViewController.swift in Sources */ = {isa = PBXBuildFile; fileRef = 24F4512926309ADF0013C4EB /* PostViewController.swift */; };
		24F4512E2630A1E40013C4EB /* TabBarController.swift in Sources */ = {isa = PBXBuildFile; fileRef = 24F4512D2630A1E40013C4EB /* TabBarController.swift */; };
		24F451312631FD350013C4EB /* GoogleService-Info.plist in Resources */ = {isa = PBXBuildFile; fileRef = 24F451302631FD350013C4EB /* GoogleService-Info.plist */; };
		24F451832635D3FC0013C4EB /* Const.swift in Sources */ = {isa = PBXBuildFile; fileRef = 24F451822635D3FC0013C4EB /* Const.swift */; };
		24F451862635DE8A0013C4EB /* PostData.swift in Sources */ = {isa = PBXBuildFile; fileRef = 24F451852635DE8A0013C4EB /* PostData.swift */; };
		24F4518A2635EFAB0013C4EB /* PostTableViewCell.swift in Sources */ = {isa = PBXBuildFile; fileRef = 24F451882635EFAB0013C4EB /* PostTableViewCell.swift */; };
		24F4518B2635EFAB0013C4EB /* PostTableViewCell.xib in Resources */ = {isa = PBXBuildFile; fileRef = 24F451892635EFAB0013C4EB /* PostTableViewCell.xib */; };
		24F4518E2639D3610013C4EB /* CommentViewController.swift in Sources */ = {isa = PBXBuildFile; fileRef = 24F4518D2639D3610013C4EB /* CommentViewController.swift */; };
		BD729FF19F8267171CF03961 /* Pods_instagram.framework in Frameworks */ = {isa = PBXBuildFile; fileRef = B799BA52ADDEF6817B76C9DA /* Pods_instagram.framework */; };
/* End PBXBuildFile section */

/* Begin PBXFileReference section */
		24F451032630789D0013C4EB /* instagram.app */ = {isa = PBXFileReference; explicitFileType = wrapper.application; includeInIndex = 0; path = instagram.app; sourceTree = BUILT_PRODUCTS_DIR; };
		24F451062630789D0013C4EB /* AppDelegate.swift */ = {isa = PBXFileReference; lastKnownFileType = sourcecode.swift; path = AppDelegate.swift; sourceTree = "<group>"; };
		24F451082630789D0013C4EB /* SceneDelegate.swift */ = {isa = PBXFileReference; lastKnownFileType = sourcecode.swift; path = SceneDelegate.swift; sourceTree = "<group>"; };
		24F4510D2630789D0013C4EB /* Base */ = {isa = PBXFileReference; lastKnownFileType = file.storyboard; name = Base; path = Base.lproj/Main.storyboard; sourceTree = "<group>"; };
		24F4510F2630789F0013C4EB /* Assets.xcassets */ = {isa = PBXFileReference; lastKnownFileType = folder.assetcatalog; path = Assets.xcassets; sourceTree = "<group>"; };
		24F451122630789F0013C4EB /* Base */ = {isa = PBXFileReference; lastKnownFileType = file.storyboard; name = Base; path = Base.lproj/LaunchScreen.storyboard; sourceTree = "<group>"; };
		24F451142630789F0013C4EB /* Info.plist */ = {isa = PBXFileReference; lastKnownFileType = text.plist.xml; path = Info.plist; sourceTree = "<group>"; };
		24F4511B26309A690013C4EB /* LoginViewController.swift */ = {isa = PBXFileReference; lastKnownFileType = sourcecode.swift; path = LoginViewController.swift; sourceTree = "<group>"; };
		24F4511F26309A840013C4EB /* HomeViewController.swift */ = {isa = PBXFileReference; lastKnownFileType = sourcecode.swift; path = HomeViewController.swift; sourceTree = "<group>"; };
		24F4512226309AA00013C4EB /* ImageSelectViewController.swift */ = {isa = PBXFileReference; lastKnownFileType = sourcecode.swift; path = ImageSelectViewController.swift; sourceTree = "<group>"; };
		24F4512626309AB60013C4EB /* SettingViewController.swift */ = {isa = PBXFileReference; lastKnownFileType = sourcecode.swift; path = SettingViewController.swift; sourceTree = "<group>"; };
		24F4512926309ADF0013C4EB /* PostViewController.swift */ = {isa = PBXFileReference; lastKnownFileType = sourcecode.swift; path = PostViewController.swift; sourceTree = "<group>"; };
		24F4512D2630A1E40013C4EB /* TabBarController.swift */ = {isa = PBXFileReference; lastKnownFileType = sourcecode.swift; path = TabBarController.swift; sourceTree = "<group>"; };
		24F451302631FD350013C4EB /* GoogleService-Info.plist */ = {isa = PBXFileReference; fileEncoding = 4; lastKnownFileType = text.plist.xml; path = "GoogleService-Info.plist"; sourceTree = "<group>"; };
		24F451822635D3FC0013C4EB /* Const.swift */ = {isa = PBXFileReference; lastKnownFileType = sourcecode.swift; path = Const.swift; sourceTree = "<group>"; };
		24F451852635DE8A0013C4EB /* PostData.swift */ = {isa = PBXFileReference; lastKnownFileType = sourcecode.swift; path = PostData.swift; sourceTree = "<group>"; };
		24F451882635EFAB0013C4EB /* PostTableViewCell.swift */ = {isa = PBXFileReference; lastKnownFileType = sourcecode.swift; path = PostTableViewCell.swift; sourceTree = "<group>"; };
		24F451892635EFAB0013C4EB /* PostTableViewCell.xib */ = {isa = PBXFileReference; lastKnownFileType = file.xib; path = PostTableViewCell.xib; sourceTree = "<group>"; };
		24F4518D2639D3610013C4EB /* CommentViewController.swift */ = {isa = PBXFileReference; lastKnownFileType = sourcecode.swift; path = CommentViewController.swift; sourceTree = "<group>"; };
		66CE70F765576EA7D1B9DCCD /* Pods-instagram.release.xcconfig */ = {isa = PBXFileReference; includeInIndex = 1; lastKnownFileType = text.xcconfig; name = "Pods-instagram.release.xcconfig"; path = "Target Support Files/Pods-instagram/Pods-instagram.release.xcconfig"; sourceTree = "<group>"; };
		94191C3ADEA73F18FF62B16E /* Pods-instagram.debug.xcconfig */ = {isa = PBXFileReference; includeInIndex = 1; lastKnownFileType = text.xcconfig; name = "Pods-instagram.debug.xcconfig"; path = "Target Support Files/Pods-instagram/Pods-instagram.debug.xcconfig"; sourceTree = "<group>"; };
		B799BA52ADDEF6817B76C9DA /* Pods_instagram.framework */ = {isa = PBXFileReference; explicitFileType = wrapper.framework; includeInIndex = 0; path = Pods_instagram.framework; sourceTree = BUILT_PRODUCTS_DIR; };
/* End PBXFileReference section */

/* Begin PBXFrameworksBuildPhase section */
		24F451002630789D0013C4EB /* Frameworks */ = {
			isa = PBXFrameworksBuildPhase;
			buildActionMask = 2147483647;
			files = (
				BD729FF19F8267171CF03961 /* Pods_instagram.framework in Frameworks */,
			);
			runOnlyForDeploymentPostprocessing = 0;
		};
/* End PBXFrameworksBuildPhase section */

/* Begin PBXGroup section */
		24F450FA2630789D0013C4EB = {
			isa = PBXGroup;
			children = (
				24F451052630789D0013C4EB /* instagram */,
				24F451042630789D0013C4EB /* Products */,
				E0A6AFE5991888D8F3128BC4 /* Pods */,
				3CEFA258A416DEB65791C3EB /* Frameworks */,
			);
			sourceTree = "<group>";
		};
		24F451042630789D0013C4EB /* Products */ = {
			isa = PBXGroup;
			children = (
				24F451032630789D0013C4EB /* instagram.app */,
			);
			name = Products;
			sourceTree = "<group>";
		};
		24F451052630789D0013C4EB /* instagram */ = {
			isa = PBXGroup;
			children = (
				24F451062630789D0013C4EB /* AppDelegate.swift */,
				24F451082630789D0013C4EB /* SceneDelegate.swift */,
				24F4511B26309A690013C4EB /* LoginViewController.swift */,
				24F4511F26309A840013C4EB /* HomeViewController.swift */,
				24F4512226309AA00013C4EB /* ImageSelectViewController.swift */,
				24F4512626309AB60013C4EB /* SettingViewController.swift */,
				24F4512926309ADF0013C4EB /* PostViewController.swift */,
				24F4512D2630A1E40013C4EB /* TabBarController.swift */,
				24F451822635D3FC0013C4EB /* Const.swift */,
				24F451882635EFAB0013C4EB /* PostTableViewCell.swift */,
				24F451892635EFAB0013C4EB /* PostTableViewCell.xib */,
				24F451852635DE8A0013C4EB /* PostData.swift */,
				24F4518D2639D3610013C4EB /* CommentViewController.swift */,
				24F4510C2630789D0013C4EB /* Main.storyboard */,
				24F4510F2630789F0013C4EB /* Assets.xcassets */,
				24F451302631FD350013C4EB /* GoogleService-Info.plist */,
				24F451112630789F0013C4EB /* LaunchScreen.storyboard */,
				24F451142630789F0013C4EB /* Info.plist */,
			);
			path = instagram;
			sourceTree = "<group>";
		};
		3CEFA258A416DEB65791C3EB /* Frameworks */ = {
			isa = PBXGroup;
			children = (
				B799BA52ADDEF6817B76C9DA /* Pods_instagram.framework */,
			);
			name = Frameworks;
			sourceTree = "<group>";
		};
		E0A6AFE5991888D8F3128BC4 /* Pods */ = {
			isa = PBXGroup;
			children = (
				94191C3ADEA73F18FF62B16E /* Pods-instagram.debug.xcconfig */,
				66CE70F765576EA7D1B9DCCD /* Pods-instagram.release.xcconfig */,
			);
			path = Pods;
			sourceTree = "<group>";
		};
/* End PBXGroup section */

/* Begin PBXNativeTarget section */
		24F451022630789D0013C4EB /* instagram */ = {
			isa = PBXNativeTarget;
			buildConfigurationList = 24F451172630789F0013C4EB /* Build configuration list for PBXNativeTarget "instagram" */;
			buildPhases = (
				C7BE43B7038ADDD3DAE5C466 /* [CP] Check Pods Manifest.lock */,
				24F450FF2630789D0013C4EB /* Sources */,
				24F451002630789D0013C4EB /* Frameworks */,
				24F451012630789D0013C4EB /* Resources */,
				88D661085B45010A3EE12A06 /* [CP] Embed Pods Frameworks */,
			);
			buildRules = (
			);
			dependencies = (
			);
			name = instagram;
			productName = instagram;
			productReference = 24F451032630789D0013C4EB /* instagram.app */;
			productType = "com.apple.product-type.application";
		};
/* End PBXNativeTarget section */

/* Begin PBXProject section */
		24F450FB2630789D0013C4EB /* Project object */ = {
			isa = PBXProject;
			attributes = {
				LastSwiftUpdateCheck = 1220;
				LastUpgradeCheck = 1220;
				TargetAttributes = {
					24F451022630789D0013C4EB = {
						CreatedOnToolsVersion = 12.2;
					};
				};
			};
			buildConfigurationList = 24F450FE2630789D0013C4EB /* Build configuration list for PBXProject "instagram" */;
			compatibilityVersion = "Xcode 9.3";
			developmentRegion = en;
			hasScannedForEncodings = 0;
			knownRegions = (
				en,
				Base,
			);
			mainGroup = 24F450FA2630789D0013C4EB;
			productRefGroup = 24F451042630789D0013C4EB /* Products */;
			projectDirPath = "";
			projectRoot = "";
			targets = (
				24F451022630789D0013C4EB /* instagram */,
			);
		};
/* End PBXProject section */

/* Begin PBXResourcesBuildPhase section */
		24F451012630789D0013C4EB /* Resources */ = {
			isa = PBXResourcesBuildPhase;
			buildActionMask = 2147483647;
			files = (
				24F451132630789F0013C4EB /* LaunchScreen.storyboard in Resources */,
				24F4518B2635EFAB0013C4EB /* PostTableViewCell.xib in Resources */,
				24F451312631FD350013C4EB /* GoogleService-Info.plist in Resources */,
				24F451102630789F0013C4EB /* Assets.xcassets in Resources */,
				24F4510E2630789D0013C4EB /* Main.storyboard in Resources */,
			);
			runOnlyForDeploymentPostprocessing = 0;
		};
/* End PBXResourcesBuildPhase section */

/* Begin PBXShellScriptBuildPhase section */
		88D661085B45010A3EE12A06 /* [CP] Embed Pods Frameworks */ = {
			isa = PBXShellScriptBuildPhase;
			buildActionMask = 2147483647;
			files = (
			);
			inputFileListPaths = (
				"${PODS_ROOT}/Target Support Files/Pods-instagram/Pods-instagram-frameworks-${CONFIGURATION}-input-files.xcfilelist",
			);
			name = "[CP] Embed Pods Frameworks";
			outputFileListPaths = (
				"${PODS_ROOT}/Target Support Files/Pods-instagram/Pods-instagram-frameworks-${CONFIGURATION}-output-files.xcfilelist",
			);
			runOnlyForDeploymentPostprocessing = 0;
			shellPath = /bin/sh;
			shellScript = "\"${PODS_ROOT}/Target Support Files/Pods-instagram/Pods-instagram-frameworks.sh\"\n";
			showEnvVarsInLog = 0;
		};
		C7BE43B7038ADDD3DAE5C466 /* [CP] Check Pods Manifest.lock */ = {
			isa = PBXShellScriptBuildPhase;
			buildActionMask = 2147483647;
			files = (
			);
			inputFileListPaths = (
			);
			inputPaths = (
				"${PODS_PODFILE_DIR_PATH}/Podfile.lock",
				"${PODS_ROOT}/Manifest.lock",
			);
			name = "[CP] Check Pods Manifest.lock";
			outputFileListPaths = (
			);
			outputPaths = (
				"$(DERIVED_FILE_DIR)/Pods-instagram-checkManifestLockResult.txt",
			);
			runOnlyForDeploymentPostprocessing = 0;
			shellPath = /bin/sh;
			shellScript = "diff \"${PODS_PODFILE_DIR_PATH}/Podfile.lock\" \"${PODS_ROOT}/Manifest.lock\" > /dev/null\nif [ $? != 0 ] ; then\n    # print error to STDERR\n    echo \"error: The sandbox is not in sync with the Podfile.lock. Run 'pod install' or update your CocoaPods installation.\" >&2\n    exit 1\nfi\n# This output is used by Xcode 'outputs' to avoid re-running this script phase.\necho \"SUCCESS\" > \"${SCRIPT_OUTPUT_FILE_0}\"\n";
			showEnvVarsInLog = 0;
		};
/* End PBXShellScriptBuildPhase section */

/* Begin PBXSourcesBuildPhase section */
		24F450FF2630789D0013C4EB /* Sources */ = {
			isa = PBXSourcesBuildPhase;
			buildActionMask = 2147483647;
			files = (
				24F4518A2635EFAB0013C4EB /* PostTableViewCell.swift in Sources */,
				24F4512326309AA00013C4EB /* ImageSelectViewController.swift in Sources */,
				24F4512E2630A1E40013C4EB /* TabBarController.swift in Sources */,
				24F4512026309A840013C4EB /* HomeViewController.swift in Sources */,
				24F4512726309AB60013C4EB /* SettingViewController.swift in Sources */,
				24F4512A26309ADF0013C4EB /* PostViewController.swift in Sources */,
				24F451862635DE8A0013C4EB /* PostData.swift in Sources */,
				24F4511C26309A690013C4EB /* LoginViewController.swift in Sources */,
				24F4518E2639D3610013C4EB /* CommentViewController.swift in Sources */,
				24F451072630789D0013C4EB /* AppDelegate.swift in Sources */,
				24F451092630789D0013C4EB /* SceneDelegate.swift in Sources */,
				24F451832635D3FC0013C4EB /* Const.swift in Sources */,
			);
			runOnlyForDeploymentPostprocessing = 0;
		};
/* End PBXSourcesBuildPhase section */

/* Begin PBXVariantGroup section */
		24F4510C2630789D0013C4EB /* Main.storyboard */ = {
			isa = PBXVariantGroup;
			children = (
				24F4510D2630789D0013C4EB /* Base */,
			);
			name = Main.storyboard;
			sourceTree = "<group>";
		};
		24F451112630789F0013C4EB /* LaunchScreen.storyboard */ = {
			isa = PBXVariantGroup;
			children = (
				24F451122630789F0013C4EB /* Base */,
			);
			name = LaunchScreen.storyboard;
			sourceTree = "<group>";
		};
/* End PBXVariantGroup section */

/* Begin XCBuildConfiguration section */
		24F451152630789F0013C4EB /* Debug */ = {
			isa = XCBuildConfiguration;
			buildSettings = {
				ALWAYS_SEARCH_USER_PATHS = NO;
				CLANG_ANALYZER_NONNULL = YES;
				CLANG_ANALYZER_NUMBER_OBJECT_CONVERSION = YES_AGGRESSIVE;
				CLANG_CXX_LANGUAGE_STANDARD = "gnu++14";
				CLANG_CXX_LIBRARY = "libc++";
				CLANG_ENABLE_MODULES = YES;
				CLANG_ENABLE_OBJC_ARC = YES;
				CLANG_ENABLE_OBJC_WEAK = YES;
				CLANG_WARN_BLOCK_CAPTURE_AUTORELEASING = YES;
				CLANG_WARN_BOOL_CONVERSION = YES;
				CLANG_WARN_COMMA = YES;
				CLANG_WARN_CONSTANT_CONVERSION = YES;
				CLANG_WARN_DEPRECATED_OBJC_IMPLEMENTATIONS = YES;
				CLANG_WARN_DIRECT_OBJC_ISA_USAGE = YES_ERROR;
				CLANG_WARN_DOCUMENTATION_COMMENTS = YES;
				CLANG_WARN_EMPTY_BODY = YES;
				CLANG_WARN_ENUM_CONVERSION = YES;
				CLANG_WARN_INFINITE_RECURSION = YES;
				CLANG_WARN_INT_CONVERSION = YES;
				CLANG_WARN_NON_LITERAL_NULL_CONVERSION = YES;
				CLANG_WARN_OBJC_IMPLICIT_RETAIN_SELF = YES;
				CLANG_WARN_OBJC_LITERAL_CONVERSION = YES;
				CLANG_WARN_OBJC_ROOT_CLASS = YES_ERROR;
				CLANG_WARN_QUOTED_INCLUDE_IN_FRAMEWORK_HEADER = YES;
				CLANG_WARN_RANGE_LOOP_ANALYSIS = YES;
				CLANG_WARN_STRICT_PROTOTYPES = YES;
				CLANG_WARN_SUSPICIOUS_MOVE = YES;
				CLANG_WARN_UNGUARDED_AVAILABILITY = YES_AGGRESSIVE;
				CLANG_WARN_UNREACHABLE_CODE = YES;
				CLANG_WARN__DUPLICATE_METHOD_MATCH = YES;
				COPY_PHASE_STRIP = NO;
				DEBUG_INFORMATION_FORMAT = dwarf;
				ENABLE_STRICT_OBJC_MSGSEND = YES;
				ENABLE_TESTABILITY = YES;
				GCC_C_LANGUAGE_STANDARD = gnu11;
				GCC_DYNAMIC_NO_PIC = NO;
				GCC_NO_COMMON_BLOCKS = YES;
				GCC_OPTIMIZATION_LEVEL = 0;
				GCC_PREPROCESSOR_DEFINITIONS = (
					"DEBUG=1",
					"$(inherited)",
				);
				GCC_WARN_64_TO_32_BIT_CONVERSION = YES;
				GCC_WARN_ABOUT_RETURN_TYPE = YES_ERROR;
				GCC_WARN_UNDECLARED_SELECTOR = YES;
				GCC_WARN_UNINITIALIZED_AUTOS = YES_AGGRESSIVE;
				GCC_WARN_UNUSED_FUNCTION = YES;
				GCC_WARN_UNUSED_VARIABLE = YES;
				IPHONEOS_DEPLOYMENT_TARGET = 14.2;
				MTL_ENABLE_DEBUG_INFO = INCLUDE_SOURCE;
				MTL_FAST_MATH = YES;
				ONLY_ACTIVE_ARCH = YES;
				SDKROOT = iphoneos;
				SWIFT_ACTIVE_COMPILATION_CONDITIONS = DEBUG;
				SWIFT_OPTIMIZATION_LEVEL = "-Onone";
			};
			name = Debug;
		};
		24F451162630789F0013C4EB /* Release */ = {
			isa = XCBuildConfiguration;
			buildSettings = {
				ALWAYS_SEARCH_USER_PATHS = NO;
				CLANG_ANALYZER_NONNULL = YES;
				CLANG_ANALYZER_NUMBER_OBJECT_CONVERSION = YES_AGGRESSIVE;
				CLANG_CXX_LANGUAGE_STANDARD = "gnu++14";
				CLANG_CXX_LIBRARY = "libc++";
				CLANG_ENABLE_MODULES = YES;
				CLANG_ENABLE_OBJC_ARC = YES;
				CLANG_ENABLE_OBJC_WEAK = YES;
				CLANG_WARN_BLOCK_CAPTURE_AUTORELEASING = YES;
				CLANG_WARN_BOOL_CONVERSION = YES;
				CLANG_WARN_COMMA = YES;
				CLANG_WARN_CONSTANT_CONVERSION = YES;
				CLANG_WARN_DEPRECATED_OBJC_IMPLEMENTATIONS = YES;
				CLANG_WARN_DIRECT_OBJC_ISA_USAGE = YES_ERROR;
				CLANG_WARN_DOCUMENTATION_COMMENTS = YES;
				CLANG_WARN_EMPTY_BODY = YES;
				CLANG_WARN_ENUM_CONVERSION = YES;
				CLANG_WARN_INFINITE_RECURSION = YES;
				CLANG_WARN_INT_CONVERSION = YES;
				CLANG_WARN_NON_LITERAL_NULL_CONVERSION = YES;
				CLANG_WARN_OBJC_IMPLICIT_RETAIN_SELF = YES;
				CLANG_WARN_OBJC_LITERAL_CONVERSION = YES;
				CLANG_WARN_OBJC_ROOT_CLASS = YES_ERROR;
				CLANG_WARN_QUOTED_INCLUDE_IN_FRAMEWORK_HEADER = YES;
				CLANG_WARN_RANGE_LOOP_ANALYSIS = YES;
				CLANG_WARN_STRICT_PROTOTYPES = YES;
				CLANG_WARN_SUSPICIOUS_MOVE = YES;
				CLANG_WARN_UNGUARDED_AVAILABILITY = YES_AGGRESSIVE;
				CLANG_WARN_UNREACHABLE_CODE = YES;
				CLANG_WARN__DUPLICATE_METHOD_MATCH = YES;
				COPY_PHASE_STRIP = NO;
				DEBUG_INFORMATION_FORMAT = "dwarf-with-dsym";
				ENABLE_NS_ASSERTIONS = NO;
				ENABLE_STRICT_OBJC_MSGSEND = YES;
				GCC_C_LANGUAGE_STANDARD = gnu11;
				GCC_NO_COMMON_BLOCKS = YES;
				GCC_WARN_64_TO_32_BIT_CONVERSION = YES;
				GCC_WARN_ABOUT_RETURN_TYPE = YES_ERROR;
				GCC_WARN_UNDECLARED_SELECTOR = YES;
				GCC_WARN_UNINITIALIZED_AUTOS = YES_AGGRESSIVE;
				GCC_WARN_UNUSED_FUNCTION = YES;
				GCC_WARN_UNUSED_VARIABLE = YES;
				IPHONEOS_DEPLOYMENT_TARGET = 14.2;
				MTL_ENABLE_DEBUG_INFO = NO;
				MTL_FAST_MATH = YES;
				SDKROOT = iphoneos;
				SWIFT_COMPILATION_MODE = wholemodule;
				SWIFT_OPTIMIZATION_LEVEL = "-O";
				VALIDATE_PRODUCT = YES;
			};
			name = Release;
		};
		24F451182630789F0013C4EB /* Debug */ = {
			isa = XCBuildConfiguration;
			baseConfigurationReference = 94191C3ADEA73F18FF62B16E /* Pods-instagram.debug.xcconfig */;
			buildSettings = {
				ASSETCATALOG_COMPILER_APPICON_NAME = AppIcon;
				ASSETCATALOG_COMPILER_GLOBAL_ACCENT_COLOR_NAME = AccentColor;
				CODE_SIGN_STYLE = Automatic;
				DEVELOPMENT_TEAM = UTXRX855P3;
				INFOPLIST_FILE = instagram/Info.plist;
				LD_RUNPATH_SEARCH_PATHS = (
					"$(inherited)",
					"@executable_path/Frameworks",
				);
				PRODUCT_BUNDLE_IDENTIFIER = jp.techacademy.ajask1259.instagram;
				PRODUCT_NAME = "$(TARGET_NAME)";
				SWIFT_VERSION = 5.0;
				TARGETED_DEVICE_FAMILY = 1;
			};
			name = Debug;
		};
		24F451192630789F0013C4EB /* Release */ = {
			isa = XCBuildConfiguration;
			baseConfigurationReference = 66CE70F765576EA7D1B9DCCD /* Pods-instagram.release.xcconfig */;
			buildSettings = {
				ASSETCATALOG_COMPILER_APPICON_NAME = AppIcon;
				ASSETCATALOG_COMPILER_GLOBAL_ACCENT_COLOR_NAME = AccentColor;
				CODE_SIGN_STYLE = Automatic;
				DEVELOPMENT_TEAM = UTXRX855P3;
				INFOPLIST_FILE = instagram/Info.plist;
				LD_RUNPATH_SEARCH_PATHS = (
					"$(inherited)",
					"@executable_path/Frameworks",
				);
				PRODUCT_BUNDLE_IDENTIFIER = jp.techacademy.ajask1259.instagram;
				PRODUCT_NAME = "$(TARGET_NAME)";
				SWIFT_VERSION = 5.0;
				TARGETED_DEVICE_FAMILY = 1;
			};
			name = Release;
		};
/* End XCBuildConfiguration section */

/* Begin XCConfigurationList section */
		24F450FE2630789D0013C4EB /* Build configuration list for PBXProject "instagram" */ = {
			isa = XCConfigurationList;
			buildConfigurations = (
				24F451152630789F0013C4EB /* Debug */,
				24F451162630789F0013C4EB /* Release */,
			);
			defaultConfigurationIsVisible = 0;
			defaultConfigurationName = Release;
		};
		24F451172630789F0013C4EB /* Build configuration list for PBXNativeTarget "instagram" */ = {
			isa = XCConfigurationList;
			buildConfigurations = (
				24F451182630789F0013C4EB /* Debug */,
				24F451192630789F0013C4EB /* Release */,
			);
			defaultConfigurationIsVisible = 0;
			defaultConfigurationName = Release;
		};
/* End XCConfigurationList section */
	};
	rootObject = 24F450FB2630789D0013C4EB /* Project object */;
}
